
Microsoft Visual Studio Solution File, Format Version 12.00
# Visual Studio 2013
VisualStudioVersion = 12.0.21005.1
MinimumVisualStudioVersion = 10.0.40219.1
Project("{FAE04EC0-301F-11D3-BF4B-00C04F79EFBC}") = "CortexWebService", "WCFServiceApp\CortexWebService.csproj", "{C2225E7D-59CF-4901-AF91-F02E8CEDC605}"
EndProject
Project("{FAE04EC0-301F-11D3-BF4B-00C04F79EFBC}") = "CortexWebService314", "WcfServiceLibraryTest\CortexWebService314.csproj", "{A3214B46-C461-4CAC-9EE3-EE1487DD461E}"
EndProject
Global
	GlobalSection(SolutionConfigurationPlatforms) = preSolution
		Debug|Any CPU = Debug|Any CPU
		Release|Any CPU = Release|Any CPU
	EndGlobalSection
	GlobalSection(ProjectConfigurationPlatforms) = postSolution
		{C2225E7D-59CF-4901-AF91-F02E8CEDC605}.Debug|Any CPU.ActiveCfg = Debug|Any CPU
		{C2225E7D-59CF-4901-AF91-F02E8CEDC605}.Debug|Any CPU.Build.0 = Debug|Any CPU
		{C2225E7D-59CF-4901-AF91-F02E8CEDC605}.Release|Any CPU.ActiveCfg = Release|Any CPU
		{C2225E7D-59CF-4901-AF91-F02E8CEDC605}.Release|Any CPU.Build.0 = Release|Any CPU
		{A3214B46-C461-4CAC-9EE3-EE1487DD461E}.Debug|Any CPU.ActiveCfg = Debug|Any CPU
		{A3214B46-C461-4CAC-9EE3-EE1487DD461E}.Debug|Any CPU.Build.0 = Debug|Any CPU
		{A3214B46-C461-4CAC-9EE3-EE1487DD461E}.Release|Any CPU.ActiveCfg = Release|Any CPU
		{A3214B46-C461-4CAC-9EE3-EE1487DD461E}.Release|Any CPU.Build.0 = Release|Any CPU
	EndGlobalSection
	GlobalSection(SolutionProperties) = preSolution
		HideSolutionNode = FALSE
	EndGlobalSection
EndGlobal
